
Microsoft Visual Studio Solution File, Format Version 12.00
# Visual Studio Version 17
VisualStudioVersion = 17.14.36221.1
MinimumVisualStudioVersion = 10.0.40219.1
Project("{FAE04EC0-301F-11D3-BF4B-00C04F79EFBC}") = "CharacterCreater", "Ch4Lab2\CharacterCreater.csproj", "{1C53316F-7233-496B-8F56-C5162F02F0A4}"
EndProject
Global
	GlobalSection(SolutionConfigurationPlatforms) = preSolution
		Debug|Any CPU = Debug|Any CPU
		Release|Any CPU = Release|Any CPU
	EndGlobalSection
	GlobalSection(ProjectConfigurationPlatforms) = postSolution
		{1C53316F-7233-496B-8F56-C5162F02F0A4}.Debug|Any CPU.ActiveCfg = Debug|Any CPU
		{1C53316F-7233-496B-8F56-C5162F02F0A4}.Debug|Any CPU.Build.0 = Debug|Any CPU
		{1C53316F-7233-496B-8F56-C5162F02F0A4}.Release|Any CPU.ActiveCfg = Release|Any CPU
		{1C53316F-7233-496B-8F56-C5162F02F0A4}.Release|Any CPU.Build.0 = Release|Any CPU
	EndGlobalSection
	GlobalSection(SolutionProperties) = preSolution
		HideSolutionNode = FALSE
	EndGlobalSection
	GlobalSection(ExtensibilityGlobals) = postSolution
		SolutionGuid = {DA6D98BD-054C-4239-89D3-48151ED6BF6F}
	EndGlobalSection
EndGlobal
